
Microsoft Visual Studio Solution File, Format Version 12.00
# Visual Studio Version 16
VisualStudioVersion = 16.0.31410.357
MinimumVisualStudioVersion = 10.0.40219.1
Project("{9A19103F-16F7-4668-BE54-9A1E7A4F7556}") = "UploadUtil", "UploadUtil.csproj", "{0BF4CDE2-5C05-4EB8-8364-3269BA689AD4}"
EndProject
Global
	GlobalSection(SolutionConfigurationPlatforms) = preSolution
		Debug|Any CPU = Debug|Any CPU
		Debug|x64 = Debug|x64
		Release|Any CPU = Release|Any CPU
		Release|x64 = Release|x64
	EndGlobalSection
	GlobalSection(ProjectConfigurationPlatforms) = postSolution
		{0BF4CDE2-5C05-4EB8-8364-3269BA689AD4}.Debug|Any CPU.ActiveCfg = Debug|x64
		{0BF4CDE2-5C05-4EB8-8364-3269BA689AD4}.Debug|Any CPU.Build.0 = Debug|x64
		{0BF4CDE2-5C05-4EB8-8364-3269BA689AD4}.Debug|x64.ActiveCfg = Debug|x64
		{0BF4CDE2-5C05-4EB8-8364-3269BA689AD4}.Debug|x64.Build.0 = Debug|x64
		{0BF4CDE2-5C05-4EB8-8364-3269BA689AD4}.Release|Any CPU.ActiveCfg = Release|Any CPU
		{0BF4CDE2-5C05-4EB8-8364-3269BA689AD4}.Release|Any CPU.Build.0 = Release|Any CPU
		{0BF4CDE2-5C05-4EB8-8364-3269BA689AD4}.Release|x64.ActiveCfg = Release|x64
		{0BF4CDE2-5C05-4EB8-8364-3269BA689AD4}.Release|x64.Build.0 = Release|x64
	EndGlobalSection
	GlobalSection(SolutionProperties) = preSolution
		HideSolutionNode = FALSE
	EndGlobalSection
	GlobalSection(ExtensibilityGlobals) = postSolution
		SolutionGuid = {218963BA-073F-4CE6-A299-00DC1B6391C6}
	EndGlobalSection
EndGlobal
